
Microsoft Visual Studio Solution File, Format Version 12.00
# Visual Studio Version 17
VisualStudioVersion = 17.5.33414.496
MinimumVisualStudioVersion = 10.0.40219.1
Project("{8BC9CEB8-8B4A-11D0-8D11-00A0C91BC942}") = "TP2_2243667", "TP2_2243667.vcxproj", "{064FFD6D-B388-4D11-9484-36BD91131160}"
EndProject
Global
	GlobalSection(SolutionConfigurationPlatforms) = preSolution
		Debug|x64 = Debug|x64
		Debug|x86 = Debug|x86
		Release|x64 = Release|x64
		Release|x86 = Release|x86
	EndGlobalSection
	GlobalSection(ProjectConfigurationPlatforms) = postSolution
		{064FFD6D-B388-4D11-9484-36BD91131160}.Debug|x64.ActiveCfg = Debug|x64
		{064FFD6D-B388-4D11-9484-36BD91131160}.Debug|x64.Build.0 = Debug|x64
		{064FFD6D-B388-4D11-9484-36BD91131160}.Debug|x86.ActiveCfg = Debug|Win32
		{064FFD6D-B388-4D11-9484-36BD91131160}.Debug|x86.Build.0 = Debug|Win32
		{064FFD6D-B388-4D11-9484-36BD91131160}.Release|x64.ActiveCfg = Release|x64
		{064FFD6D-B388-4D11-9484-36BD91131160}.Release|x64.Build.0 = Release|x64
		{064FFD6D-B388-4D11-9484-36BD91131160}.Release|x86.ActiveCfg = Release|Win32
		{064FFD6D-B388-4D11-9484-36BD91131160}.Release|x86.Build.0 = Release|Win32
	EndGlobalSection
	GlobalSection(SolutionProperties) = preSolution
		HideSolutionNode = FALSE
	EndGlobalSection
	GlobalSection(ExtensibilityGlobals) = postSolution
		SolutionGuid = {CA327AF2-76AB-4D51-BB24-BB828C340A2D}
	EndGlobalSection
EndGlobal
